// !$*UTF8*$!
{
	archiveVersion = 1;
	classes = {
	};
	objectVersion = 51;
	objects = {

/* Begin PBXBuildFile section */
		16B36627B670068A086991DD /* Pods_BankingApp.framework in Frameworks */ = {isa = PBXBuildFile; fileRef = 9EBB0E84844CE6937791275B /* Pods_BankingApp.framework */; };
		6532C84925468AE000979373 /* AppDelegate.swift in Sources */ = {isa = PBXBuildFile; fileRef = 6532C84825468AE000979373 /* AppDelegate.swift */; };
		6532C84B25468AE000979373 /* SceneDelegate.swift in Sources */ = {isa = PBXBuildFile; fileRef = 6532C84A25468AE000979373 /* SceneDelegate.swift */; };
		6532C84D25468AE000979373 /* SignInController.swift in Sources */ = {isa = PBXBuildFile; fileRef = 6532C84C25468AE000979373 /* SignInController.swift */; };
		6532C85025468AE000979373 /* Main.storyboard in Resources */ = {isa = PBXBuildFile; fileRef = 6532C84E25468AE000979373 /* Main.storyboard */; };
		6532C85225468AE600979373 /* Assets.xcassets in Resources */ = {isa = PBXBuildFile; fileRef = 6532C85125468AE600979373 /* Assets.xcassets */; };
		6532C85525468AE600979373 /* LaunchScreen.storyboard in Resources */ = {isa = PBXBuildFile; fileRef = 6532C85325468AE600979373 /* LaunchScreen.storyboard */; };
		6532C86025468AE700979373 /* BankingAppTests.swift in Sources */ = {isa = PBXBuildFile; fileRef = 6532C85F25468AE700979373 /* BankingAppTests.swift */; };
		6532C86B25468AE700979373 /* BankingAppUITests.swift in Sources */ = {isa = PBXBuildFile; fileRef = 6532C86A25468AE700979373 /* BankingAppUITests.swift */; };
		657040D125849DF600484D0C /* GoogleService-Info.plist in Resources */ = {isa = PBXBuildFile; fileRef = 657040D025849DF600484D0C /* GoogleService-Info.plist */; };
		657041182584AFA500484D0C /* Constants.swift in Sources */ = {isa = PBXBuildFile; fileRef = 657041172584AFA500484D0C /* Constants.swift */; };
/* End PBXBuildFile section */

/* Begin PBXContainerItemProxy section */
		6532C85C25468AE700979373 /* PBXContainerItemProxy */ = {
			isa = PBXContainerItemProxy;
			containerPortal = 6532C83D25468ADF00979373 /* Project object */;
			proxyType = 1;
			remoteGlobalIDString = 6532C84425468ADF00979373;
			remoteInfo = BankingApp;
		};
		6532C86725468AE700979373 /* PBXContainerItemProxy */ = {
			isa = PBXContainerItemProxy;
			containerPortal = 6532C83D25468ADF00979373 /* Project object */;
			proxyType = 1;
			remoteGlobalIDString = 6532C84425468ADF00979373;
			remoteInfo = BankingApp;
		};
/* End PBXContainerItemProxy section */

/* Begin PBXFileReference section */
		35D65EFFA74B9D020AB1F0E2 /* Pods-BankingApp.debug.xcconfig */ = {isa = PBXFileReference; includeInIndex = 1; lastKnownFileType = text.xcconfig; name = "Pods-BankingApp.debug.xcconfig"; path = "Target Support Files/Pods-BankingApp/Pods-BankingApp.debug.xcconfig"; sourceTree = "<group>"; };
		6532C84525468AE000979373 /* BankingApp.app */ = {isa = PBXFileReference; explicitFileType = wrapper.application; includeInIndex = 0; path = BankingApp.app; sourceTree = BUILT_PRODUCTS_DIR; };
		6532C84825468AE000979373 /* AppDelegate.swift */ = {isa = PBXFileReference; lastKnownFileType = sourcecode.swift; path = AppDelegate.swift; sourceTree = "<group>"; };
		6532C84A25468AE000979373 /* SceneDelegate.swift */ = {isa = PBXFileReference; lastKnownFileType = sourcecode.swift; path = SceneDelegate.swift; sourceTree = "<group>"; };
		6532C84C25468AE000979373 /* SignInController.swift */ = {isa = PBXFileReference; lastKnownFileType = sourcecode.swift; path = SignInController.swift; sourceTree = "<group>"; };
		6532C84F25468AE000979373 /* Base */ = {isa = PBXFileReference; lastKnownFileType = file.storyboard; name = Base; path = Base.lproj/Main.storyboard; sourceTree = "<group>"; };
		6532C85125468AE600979373 /* Assets.xcassets */ = {isa = PBXFileReference; lastKnownFileType = folder.assetcatalog; path = Assets.xcassets; sourceTree = "<group>"; };
		6532C85425468AE600979373 /* Base */ = {isa = PBXFileReference; lastKnownFileType = file.storyboard; name = Base; path = Base.lproj/LaunchScreen.storyboard; sourceTree = "<group>"; };
		6532C85625468AE600979373 /* Info.plist */ = {isa = PBXFileReference; lastKnownFileType = text.plist.xml; path = Info.plist; sourceTree = "<group>"; };
		6532C85B25468AE700979373 /* BankingAppTests.xctest */ = {isa = PBXFileReference; explicitFileType = wrapper.cfbundle; includeInIndex = 0; path = BankingAppTests.xctest; sourceTree = BUILT_PRODUCTS_DIR; };
		6532C85F25468AE700979373 /* BankingAppTests.swift */ = {isa = PBXFileReference; lastKnownFileType = sourcecode.swift; path = BankingAppTests.swift; sourceTree = "<group>"; };
		6532C86125468AE700979373 /* Info.plist */ = {isa = PBXFileReference; lastKnownFileType = text.plist.xml; path = Info.plist; sourceTree = "<group>"; };
		6532C86625468AE700979373 /* BankingAppUITests.xctest */ = {isa = PBXFileReference; explicitFileType = wrapper.cfbundle; includeInIndex = 0; path = BankingAppUITests.xctest; sourceTree = BUILT_PRODUCTS_DIR; };
		6532C86A25468AE700979373 /* BankingAppUITests.swift */ = {isa = PBXFileReference; lastKnownFileType = sourcecode.swift; path = BankingAppUITests.swift; sourceTree = "<group>"; };
		6532C86C25468AE700979373 /* Info.plist */ = {isa = PBXFileReference; lastKnownFileType = text.plist.xml; path = Info.plist; sourceTree = "<group>"; };
		657040D025849DF600484D0C /* GoogleService-Info.plist */ = {isa = PBXFileReference; fileEncoding = 4; lastKnownFileType = text.plist.xml; path = "GoogleService-Info.plist"; sourceTree = "<group>"; };
		657041172584AFA500484D0C /* Constants.swift */ = {isa = PBXFileReference; lastKnownFileType = sourcecode.swift; path = Constants.swift; sourceTree = "<group>"; };
		9EBB0E84844CE6937791275B /* Pods_BankingApp.framework */ = {isa = PBXFileReference; explicitFileType = wrapper.framework; includeInIndex = 0; path = Pods_BankingApp.framework; sourceTree = BUILT_PRODUCTS_DIR; };
		A285F9AFC9FB2F6A29F3A39B /* Pods-BankingApp.release.xcconfig */ = {isa = PBXFileReference; includeInIndex = 1; lastKnownFileType = text.xcconfig; name = "Pods-BankingApp.release.xcconfig"; path = "Target Support Files/Pods-BankingApp/Pods-BankingApp.release.xcconfig"; sourceTree = "<group>"; };
/* End PBXFileReference section */

/* Begin PBXFrameworksBuildPhase section */
		6532C84225468ADF00979373 /* Frameworks */ = {
			isa = PBXFrameworksBuildPhase;
			buildActionMask = 2147483647;
			files = (
				16B36627B670068A086991DD /* Pods_BankingApp.framework in Frameworks */,
			);
			runOnlyForDeploymentPostprocessing = 0;
		};
		6532C85825468AE700979373 /* Frameworks */ = {
			isa = PBXFrameworksBuildPhase;
			buildActionMask = 2147483647;
			files = (
			);
			runOnlyForDeploymentPostprocessing = 0;
		};
		6532C86325468AE700979373 /* Frameworks */ = {
			isa = PBXFrameworksBuildPhase;
			buildActionMask = 2147483647;
			files = (
			);
			runOnlyForDeploymentPostprocessing = 0;
		};
/* End PBXFrameworksBuildPhase section */

/* Begin PBXGroup section */
		1ECE707B3DBB3008967A245B /* Frameworks */ = {
			isa = PBXGroup;
			children = (
				9EBB0E84844CE6937791275B /* Pods_BankingApp.framework */,
			);
			name = Frameworks;
			sourceTree = "<group>";
		};
		6532C83C25468ADF00979373 = {
			isa = PBXGroup;
			children = (
				6532C84725468AE000979373 /* BankingApp */,
				6532C85E25468AE700979373 /* BankingAppTests */,
				6532C86925468AE700979373 /* BankingAppUITests */,
				6532C84625468AE000979373 /* Products */,
				C67B9B7CF107E6D1A5517F5A /* Pods */,
				1ECE707B3DBB3008967A245B /* Frameworks */,
			);
			sourceTree = "<group>";
		};
		6532C84625468AE000979373 /* Products */ = {
			isa = PBXGroup;
			children = (
				6532C84525468AE000979373 /* BankingApp.app */,
				6532C85B25468AE700979373 /* BankingAppTests.xctest */,
				6532C86625468AE700979373 /* BankingAppUITests.xctest */,
			);
			name = Products;
			sourceTree = "<group>";
		};
		6532C84725468AE000979373 /* BankingApp */ = {
			isa = PBXGroup;
			children = (
				657040CA257DE4F300484D0C /* Models */,
				657040CB257DE50200484D0C /* Views */,
				657040CC257DE51C00484D0C /* Controllers */,
				6532C84825468AE000979373 /* AppDelegate.swift */,
				6532C84A25468AE000979373 /* SceneDelegate.swift */,
				6532C85125468AE600979373 /* Assets.xcassets */,
				6532C85325468AE600979373 /* LaunchScreen.storyboard */,
				6532C85625468AE600979373 /* Info.plist */,
				657040D025849DF600484D0C /* GoogleService-Info.plist */,
				657041172584AFA500484D0C /* Constants.swift */,
			);
			path = BankingApp;
			sourceTree = "<group>";
		};
		6532C85E25468AE700979373 /* BankingAppTests */ = {
			isa = PBXGroup;
			children = (
				6532C85F25468AE700979373 /* BankingAppTests.swift */,
				6532C86125468AE700979373 /* Info.plist */,
			);
			path = BankingAppTests;
			sourceTree = "<group>";
		};
		6532C86925468AE700979373 /* BankingAppUITests */ = {
			isa = PBXGroup;
			children = (
				6532C86A25468AE700979373 /* BankingAppUITests.swift */,
				6532C86C25468AE700979373 /* Info.plist */,
			);
			path = BankingAppUITests;
			sourceTree = "<group>";
		};
		657040CA257DE4F300484D0C /* Models */ = {
			isa = PBXGroup;
			children = (
			);
			path = Models;
			sourceTree = "<group>";
		};
		657040CB257DE50200484D0C /* Views */ = {
			isa = PBXGroup;
			children = (
				6532C84E25468AE000979373 /* Main.storyboard */,
			);
			path = Views;
			sourceTree = "<group>";
		};
		657040CC257DE51C00484D0C /* Controllers */ = {
			isa = PBXGroup;
			children = (
				6532C84C25468AE000979373 /* SignInController.swift */,
			);
			path = Controllers;
			sourceTree = "<group>";
		};
		C67B9B7CF107E6D1A5517F5A /* Pods */ = {
			isa = PBXGroup;
			children = (
				35D65EFFA74B9D020AB1F0E2 /* Pods-BankingApp.debug.xcconfig */,
				A285F9AFC9FB2F6A29F3A39B /* Pods-BankingApp.release.xcconfig */,
			);
			path = Pods;
			sourceTree = "<group>";
		};
/* End PBXGroup section */

/* Begin PBXNativeTarget section */
		6532C84425468ADF00979373 /* BankingApp */ = {
			isa = PBXNativeTarget;
			buildConfigurationList = 6532C86F25468AE700979373 /* Build configuration list for PBXNativeTarget "BankingApp" */;
			buildPhases = (
				8B575604AAD39294F7E0DCD1 /* [CP] Check Pods Manifest.lock */,
				6532C84125468ADF00979373 /* Sources */,
				6532C84225468ADF00979373 /* Frameworks */,
				6532C84325468ADF00979373 /* Resources */,
				C934952798780604B5347918 /* [CP] Embed Pods Frameworks */,
			);
			buildRules = (
			);
			dependencies = (
			);
			name = BankingApp;
			productName = BankingApp;
			productReference = 6532C84525468AE000979373 /* BankingApp.app */;
			productType = "com.apple.product-type.application";
		};
		6532C85A25468AE700979373 /* BankingAppTests */ = {
			isa = PBXNativeTarget;
			buildConfigurationList = 6532C87225468AE700979373 /* Build configuration list for PBXNativeTarget "BankingAppTests" */;
			buildPhases = (
				6532C85725468AE700979373 /* Sources */,
				6532C85825468AE700979373 /* Frameworks */,
				6532C85925468AE700979373 /* Resources */,
			);
			buildRules = (
			);
			dependencies = (
				6532C85D25468AE700979373 /* PBXTargetDependency */,
			);
			name = BankingAppTests;
			productName = BankingAppTests;
			productReference = 6532C85B25468AE700979373 /* BankingAppTests.xctest */;
			productType = "com.apple.product-type.bundle.unit-test";
		};
		6532C86525468AE700979373 /* BankingAppUITests */ = {
			isa = PBXNativeTarget;
			buildConfigurationList = 6532C87525468AE700979373 /* Build configuration list for PBXNativeTarget "BankingAppUITests" */;
			buildPhases = (
				6532C86225468AE700979373 /* Sources */,
				6532C86325468AE700979373 /* Frameworks */,
				6532C86425468AE700979373 /* Resources */,
			);
			buildRules = (
			);
			dependencies = (
				6532C86825468AE700979373 /* PBXTargetDependency */,
			);
			name = BankingAppUITests;
			productName = BankingAppUITests;
			productReference = 6532C86625468AE700979373 /* BankingAppUITests.xctest */;
			productType = "com.apple.product-type.bundle.ui-testing";
		};
/* End PBXNativeTarget section */

/* Begin PBXProject section */
		6532C83D25468ADF00979373 /* Project object */ = {
			isa = PBXProject;
			attributes = {
				LastSwiftUpdateCheck = 1210;
				LastUpgradeCheck = 1210;
				TargetAttributes = {
					6532C84425468ADF00979373 = {
						CreatedOnToolsVersion = 12.1;
					};
					6532C85A25468AE700979373 = {
						CreatedOnToolsVersion = 12.1;
						TestTargetID = 6532C84425468ADF00979373;
					};
					6532C86525468AE700979373 = {
						CreatedOnToolsVersion = 12.1;
						TestTargetID = 6532C84425468ADF00979373;
					};
				};
			};
			buildConfigurationList = 6532C84025468ADF00979373 /* Build configuration list for PBXProject "BankingApp" */;
			compatibilityVersion = "Xcode 9.3";
			developmentRegion = en;
			hasScannedForEncodings = 0;
			knownRegions = (
				en,
				Base,
			);
			mainGroup = 6532C83C25468ADF00979373;
			productRefGroup = 6532C84625468AE000979373 /* Products */;
			projectDirPath = "";
			projectRoot = "";
			targets = (
				6532C84425468ADF00979373 /* BankingApp */,
				6532C85A25468AE700979373 /* BankingAppTests */,
				6532C86525468AE700979373 /* BankingAppUITests */,
			);
		};
/* End PBXProject section */

/* Begin PBXResourcesBuildPhase section */
		6532C84325468ADF00979373 /* Resources */ = {
			isa = PBXResourcesBuildPhase;
			buildActionMask = 2147483647;
			files = (
				6532C85525468AE600979373 /* LaunchScreen.storyboard in Resources */,
				657040D125849DF600484D0C /* GoogleService-Info.plist in Resources */,
				6532C85225468AE600979373 /* Assets.xcassets in Resources */,
				6532C85025468AE000979373 /* Main.storyboard in Resources */,
			);
			runOnlyForDeploymentPostprocessing = 0;
		};
		6532C85925468AE700979373 /* Resources */ = {
			isa = PBXResourcesBuildPhase;
			buildActionMask = 2147483647;
			files = (
			);
			runOnlyForDeploymentPostprocessing = 0;
		};
		6532C86425468AE700979373 /* Resources */ = {
			isa = PBXResourcesBuildPhase;
			buildActionMask = 2147483647;
			files = (
			);
			runOnlyForDeploymentPostprocessing = 0;
		};
/* End PBXResourcesBuildPhase section */

/* Begin PBXShellScriptBuildPhase section */
		8B575604AAD39294F7E0DCD1 /* [CP] Check Pods Manifest.lock */ = {
			isa = PBXShellScriptBuildPhase;
			buildActionMask = 2147483647;
			files = (
			);
			inputFileListPaths = (
			);
			inputPaths = (
				"${PODS_PODFILE_DIR_PATH}/Podfile.lock",
				"${PODS_ROOT}/Manifest.lock",
			);
			name = "[CP] Check Pods Manifest.lock";
			outputFileListPaths = (
			);
			outputPaths = (
				"$(DERIVED_FILE_DIR)/Pods-BankingApp-checkManifestLockResult.txt",
			);
			runOnlyForDeploymentPostprocessing = 0;
			shellPath = /bin/sh;
			shellScript = "diff \"${PODS_PODFILE_DIR_PATH}/Podfile.lock\" \"${PODS_ROOT}/Manifest.lock\" > /dev/null\nif [ $? != 0 ] ; then\n    # print error to STDERR\n    echo \"error: The sandbox is not in sync with the Podfile.lock. Run 'pod install' or update your CocoaPods installation.\" >&2\n    exit 1\nfi\n# This output is used by Xcode 'outputs' to avoid re-running this script phase.\necho \"SUCCESS\" > \"${SCRIPT_OUTPUT_FILE_0}\"\n";
			showEnvVarsInLog = 0;
		};
		C934952798780604B5347918 /* [CP] Embed Pods Frameworks */ = {
			isa = PBXShellScriptBuildPhase;
			buildActionMask = 2147483647;
			files = (
			);
			inputFileListPaths = (
				"${PODS_ROOT}/Target Support Files/Pods-BankingApp/Pods-BankingApp-frameworks-${CONFIGURATION}-input-files.xcfilelist",
			);
			name = "[CP] Embed Pods Frameworks";
			outputFileListPaths = (
				"${PODS_ROOT}/Target Support Files/Pods-BankingApp/Pods-BankingApp-frameworks-${CONFIGURATION}-output-files.xcfilelist",
			);
			runOnlyForDeploymentPostprocessing = 0;
			shellPath = /bin/sh;
			shellScript = "\"${PODS_ROOT}/Target Support Files/Pods-BankingApp/Pods-BankingApp-frameworks.sh\"\n";
			showEnvVarsInLog = 0;
		};
/* End PBXShellScriptBuildPhase section */

/* Begin PBXSourcesBuildPhase section */
		6532C84125468ADF00979373 /* Sources */ = {
			isa = PBXSourcesBuildPhase;
			buildActionMask = 2147483647;
			files = (
				6532C84D25468AE000979373 /* SignInController.swift in Sources */,
				6532C84925468AE000979373 /* AppDelegate.swift in Sources */,
				6532C84B25468AE000979373 /* SceneDelegate.swift in Sources */,
				657041182584AFA500484D0C /* Constants.swift in Sources */,
			);
			runOnlyForDeploymentPostprocessing = 0;
		};
		6532C85725468AE700979373 /* Sources */ = {
			isa = PBXSourcesBuildPhase;
			buildActionMask = 2147483647;
			files = (
				6532C86025468AE700979373 /* BankingAppTests.swift in Sources */,
			);
			runOnlyForDeploymentPostprocessing = 0;
		};
		6532C86225468AE700979373 /* Sources */ = {
			isa = PBXSourcesBuildPhase;
			buildActionMask = 2147483647;
			files = (
				6532C86B25468AE700979373 /* BankingAppUITests.swift in Sources */,
			);
			runOnlyForDeploymentPostprocessing = 0;
		};
/* End PBXSourcesBuildPhase section */

/* Begin PBXTargetDependency section */
		6532C85D25468AE700979373 /* PBXTargetDependency */ = {
			isa = PBXTargetDependency;
			target = 6532C84425468ADF00979373 /* BankingApp */;
			targetProxy = 6532C85C25468AE700979373 /* PBXContainerItemProxy */;
		};
		6532C86825468AE700979373 /* PBXTargetDependency */ = {
			isa = PBXTargetDependency;
			target = 6532C84425468ADF00979373 /* BankingApp */;
			targetProxy = 6532C86725468AE700979373 /* PBXContainerItemProxy */;
		};
/* End PBXTargetDependency section */

/* Begin PBXVariantGroup section */
		6532C84E25468AE000979373 /* Main.storyboard */ = {
			isa = PBXVariantGroup;
			children = (
				6532C84F25468AE000979373 /* Base */,
			);
			name = Main.storyboard;
			sourceTree = "<group>";
		};
		6532C85325468AE600979373 /* LaunchScreen.storyboard */ = {
			isa = PBXVariantGroup;
			children = (
				6532C85425468AE600979373 /* Base */,
			);
			name = LaunchScreen.storyboard;
			sourceTree = "<group>";
		};
/* End PBXVariantGroup section */

/* Begin XCBuildConfiguration section */
		6532C86D25468AE700979373 /* Debug */ = {
			isa = XCBuildConfiguration;
			buildSettings = {
				ALWAYS_SEARCH_USER_PATHS = NO;
				CLANG_ANALYZER_NONNULL = YES;
				CLANG_ANALYZER_NUMBER_OBJECT_CONVERSION = YES_AGGRESSIVE;
				CLANG_CXX_LANGUAGE_STANDARD = "gnu++14";
				CLANG_CXX_LIBRARY = "libc++";
				CLANG_ENABLE_MODULES = YES;
				CLANG_ENABLE_OBJC_ARC = YES;
				CLANG_ENABLE_OBJC_WEAK = YES;
				CLANG_WARN_BLOCK_CAPTURE_AUTORELEASING = YES;
				CLANG_WARN_BOOL_CONVERSION = YES;
				CLANG_WARN_COMMA = YES;
				CLANG_WARN_CONSTANT_CONVERSION = YES;
				CLANG_WARN_DEPRECATED_OBJC_IMPLEMENTATIONS = YES;
				CLANG_WARN_DIRECT_OBJC_ISA_USAGE = YES_ERROR;
				CLANG_WARN_DOCUMENTATION_COMMENTS = YES;
				CLANG_WARN_EMPTY_BODY = YES;
				CLANG_WARN_ENUM_CONVERSION = YES;
				CLANG_WARN_INFINITE_RECURSION = YES;
				CLANG_WARN_INT_CONVERSION = YES;
				CLANG_WARN_NON_LITERAL_NULL_CONVERSION = YES;
				CLANG_WARN_OBJC_IMPLICIT_RETAIN_SELF = YES;
				CLANG_WARN_OBJC_LITERAL_CONVERSION = YES;
				CLANG_WARN_OBJC_ROOT_CLASS = YES_ERROR;
				CLANG_WARN_QUOTED_INCLUDE_IN_FRAMEWORK_HEADER = YES;
				CLANG_WARN_RANGE_LOOP_ANALYSIS = YES;
				CLANG_WARN_STRICT_PROTOTYPES = YES;
				CLANG_WARN_SUSPICIOUS_MOVE = YES;
				CLANG_WARN_UNGUARDED_AVAILABILITY = YES_AGGRESSIVE;
				CLANG_WARN_UNREACHABLE_CODE = YES;
				CLANG_WARN__DUPLICATE_METHOD_MATCH = YES;
				COPY_PHASE_STRIP = NO;
				DEBUG_INFORMATION_FORMAT = dwarf;
				ENABLE_STRICT_OBJC_MSGSEND = YES;
				ENABLE_TESTABILITY = YES;
				GCC_C_LANGUAGE_STANDARD = gnu11;
				GCC_DYNAMIC_NO_PIC = NO;
				GCC_NO_COMMON_BLOCKS = YES;
				GCC_OPTIMIZATION_LEVEL = 0;
				GCC_PREPROCESSOR_DEFINITIONS = (
					"DEBUG=1",
					"$(inherited)",
				);
				GCC_WARN_64_TO_32_BIT_CONVERSION = YES;
				GCC_WARN_ABOUT_RETURN_TYPE = YES_ERROR;
				GCC_WARN_UNDECLARED_SELECTOR = YES;
				GCC_WARN_UNINITIALIZED_AUTOS = YES_AGGRESSIVE;
				GCC_WARN_UNUSED_FUNCTION = YES;
				GCC_WARN_UNUSED_VARIABLE = YES;
				IPHONEOS_DEPLOYMENT_TARGET = 14.1;
				MTL_ENABLE_DEBUG_INFO = INCLUDE_SOURCE;
				MTL_FAST_MATH = YES;
				ONLY_ACTIVE_ARCH = YES;
				SDKROOT = iphoneos;
				SWIFT_ACTIVE_COMPILATION_CONDITIONS = DEBUG;
				SWIFT_OPTIMIZATION_LEVEL = "-Onone";
			};
			name = Debug;
		};
		6532C86E25468AE700979373 /* Release */ = {
			isa = XCBuildConfiguration;
			buildSettings = {
				ALWAYS_SEARCH_USER_PATHS = NO;
				CLANG_ANALYZER_NONNULL = YES;
				CLANG_ANALYZER_NUMBER_OBJECT_CONVERSION = YES_AGGRESSIVE;
				CLANG_CXX_LANGUAGE_STANDARD = "gnu++14";
				CLANG_CXX_LIBRARY = "libc++";
				CLANG_ENABLE_MODULES = YES;
				CLANG_ENABLE_OBJC_ARC = YES;
				CLANG_ENABLE_OBJC_WEAK = YES;
				CLANG_WARN_BLOCK_CAPTURE_AUTORELEASING = YES;
				CLANG_WARN_BOOL_CONVERSION = YES;
				CLANG_WARN_COMMA = YES;
				CLANG_WARN_CONSTANT_CONVERSION = YES;
				CLANG_WARN_DEPRECATED_OBJC_IMPLEMENTATIONS = YES;
				CLANG_WARN_DIRECT_OBJC_ISA_USAGE = YES_ERROR;
				CLANG_WARN_DOCUMENTATION_COMMENTS = YES;
				CLANG_WARN_EMPTY_BODY = YES;
				CLANG_WARN_ENUM_CONVERSION = YES;
				CLANG_WARN_INFINITE_RECURSION = YES;
				CLANG_WARN_INT_CONVERSION = YES;
				CLANG_WARN_NON_LITERAL_NULL_CONVERSION = YES;
				CLANG_WARN_OBJC_IMPLICIT_RETAIN_SELF = YES;
				CLANG_WARN_OBJC_LITERAL_CONVERSION = YES;
				CLANG_WARN_OBJC_ROOT_CLASS = YES_ERROR;
				CLANG_WARN_QUOTED_INCLUDE_IN_FRAMEWORK_HEADER = YES;
				CLANG_WARN_RANGE_LOOP_ANALYSIS = YES;
				CLANG_WARN_STRICT_PROTOTYPES = YES;
				CLANG_WARN_SUSPICIOUS_MOVE = YES;
				CLANG_WARN_UNGUARDED_AVAILABILITY = YES_AGGRESSIVE;
				CLANG_WARN_UNREACHABLE_CODE = YES;
				CLANG_WARN__DUPLICATE_METHOD_MATCH = YES;
				COPY_PHASE_STRIP = NO;
				DEBUG_INFORMATION_FORMAT = "dwarf-with-dsym";
				ENABLE_NS_ASSERTIONS = NO;
				ENABLE_STRICT_OBJC_MSGSEND = YES;
				GCC_C_LANGUAGE_STANDARD = gnu11;
				GCC_NO_COMMON_BLOCKS = YES;
				GCC_WARN_64_TO_32_BIT_CONVERSION = YES;
				GCC_WARN_ABOUT_RETURN_TYPE = YES_ERROR;
				GCC_WARN_UNDECLARED_SELECTOR = YES;
				GCC_WARN_UNINITIALIZED_AUTOS = YES_AGGRESSIVE;
				GCC_WARN_UNUSED_FUNCTION = YES;
				GCC_WARN_UNUSED_VARIABLE = YES;
				IPHONEOS_DEPLOYMENT_TARGET = 14.1;
				MTL_ENABLE_DEBUG_INFO = NO;
				MTL_FAST_MATH = YES;
				SDKROOT = iphoneos;
				SWIFT_COMPILATION_MODE = wholemodule;
				SWIFT_OPTIMIZATION_LEVEL = "-O";
				VALIDATE_PRODUCT = YES;
			};
			name = Release;
		};
		6532C87025468AE700979373 /* Debug */ = {
			isa = XCBuildConfiguration;
			baseConfigurationReference = 35D65EFFA74B9D020AB1F0E2 /* Pods-BankingApp.debug.xcconfig */;
			buildSettings = {
				ASSETCATALOG_COMPILER_APPICON_NAME = AppIcon;
				ASSETCATALOG_COMPILER_GLOBAL_ACCENT_COLOR_NAME = AccentColor;
				CODE_SIGN_STYLE = Automatic;
				INFOPLIST_FILE = BankingApp/Info.plist;
				LD_RUNPATH_SEARCH_PATHS = (
					"$(inherited)",
					"@executable_path/Frameworks",
				);
				PRODUCT_BUNDLE_IDENTIFIER = co.Bola.BankingApp;
				PRODUCT_NAME = "$(TARGET_NAME)";
				SWIFT_VERSION = 5.0;
				TARGETED_DEVICE_FAMILY = "1,2";
			};
			name = Debug;
		};
		6532C87125468AE700979373 /* Release */ = {
			isa = XCBuildConfiguration;
			baseConfigurationReference = A285F9AFC9FB2F6A29F3A39B /* Pods-BankingApp.release.xcconfig */;
			buildSettings = {
				ASSETCATALOG_COMPILER_APPICON_NAME = AppIcon;
				ASSETCATALOG_COMPILER_GLOBAL_ACCENT_COLOR_NAME = AccentColor;
				CODE_SIGN_STYLE = Automatic;
				INFOPLIST_FILE = BankingApp/Info.plist;
				LD_RUNPATH_SEARCH_PATHS = (
					"$(inherited)",
					"@executable_path/Frameworks",
				);
				PRODUCT_BUNDLE_IDENTIFIER = co.Bola.BankingApp;
				PRODUCT_NAME = "$(TARGET_NAME)";
				SWIFT_VERSION = 5.0;
				TARGETED_DEVICE_FAMILY = "1,2";
			};
			name = Release;
		};
		6532C87325468AE700979373 /* Debug */ = {
			isa = XCBuildConfiguration;
			buildSettings = {
				ALWAYS_EMBED_SWIFT_STANDARD_LIBRARIES = YES;
				BUNDLE_LOADER = "$(TEST_HOST)";
				CODE_SIGN_STYLE = Automatic;
				INFOPLIST_FILE = BankingAppTests/Info.plist;
				IPHONEOS_DEPLOYMENT_TARGET = 14.1;
				LD_RUNPATH_SEARCH_PATHS = (
					"$(inherited)",
					"@executable_path/Frameworks",
					"@loader_path/Frameworks",
				);
				PRODUCT_BUNDLE_IDENTIFIER = co.Bola.BankingAppTests;
				PRODUCT_NAME = "$(TARGET_NAME)";
				SWIFT_VERSION = 5.0;
				TARGETED_DEVICE_FAMILY = "1,2";
				TEST_HOST = "$(BUILT_PRODUCTS_DIR)/BankingApp.app/BankingApp";
			};
			name = Debug;
		};
		6532C87425468AE700979373 /* Release */ = {
			isa = XCBuildConfiguration;
			buildSettings = {
				ALWAYS_EMBED_SWIFT_STANDARD_LIBRARIES = YES;
				BUNDLE_LOADER = "$(TEST_HOST)";
				CODE_SIGN_STYLE = Automatic;
				INFOPLIST_FILE = BankingAppTests/Info.plist;
				IPHONEOS_DEPLOYMENT_TARGET = 14.1;
				LD_RUNPATH_SEARCH_PATHS = (
					"$(inherited)",
					"@executable_path/Frameworks",
					"@loader_path/Frameworks",
				);
				PRODUCT_BUNDLE_IDENTIFIER = co.Bola.BankingAppTests;
				PRODUCT_NAME = "$(TARGET_NAME)";
				SWIFT_VERSION = 5.0;
				TARGETED_DEVICE_FAMILY = "1,2";
				TEST_HOST = "$(BUILT_PRODUCTS_DIR)/BankingApp.app/BankingApp";
			};
			name = Release;
		};
		6532C87625468AE700979373 /* Debug */ = {
			isa = XCBuildConfiguration;
			buildSettings = {
				ALWAYS_EMBED_SWIFT_STANDARD_LIBRARIES = YES;
				CODE_SIGN_STYLE = Automatic;
				INFOPLIST_FILE = BankingAppUITests/Info.plist;
				LD_RUNPATH_SEARCH_PATHS = (
					"$(inherited)",
					"@executable_path/Frameworks",
					"@loader_path/Frameworks",
				);
				PRODUCT_BUNDLE_IDENTIFIER = co.Bola.BankingAppUITests;
				PRODUCT_NAME = "$(TARGET_NAME)";
				SWIFT_VERSION = 5.0;
				TARGETED_DEVICE_FAMILY = "1,2";
				TEST_TARGET_NAME = BankingApp;
			};
			name = Debug;
		};
		6532C87725468AE700979373 /* Release */ = {
			isa = XCBuildConfiguration;
			buildSettings = {
				ALWAYS_EMBED_SWIFT_STANDARD_LIBRARIES = YES;
				CODE_SIGN_STYLE = Automatic;
				INFOPLIST_FILE = BankingAppUITests/Info.plist;
				LD_RUNPATH_SEARCH_PATHS = (
					"$(inherited)",
					"@executable_path/Frameworks",
					"@loader_path/Frameworks",
				);
				PRODUCT_BUNDLE_IDENTIFIER = co.Bola.BankingAppUITests;
				PRODUCT_NAME = "$(TARGET_NAME)";
				SWIFT_VERSION = 5.0;
				TARGETED_DEVICE_FAMILY = "1,2";
				TEST_TARGET_NAME = BankingApp;
			};
			name = Release;
		};
/* End XCBuildConfiguration section */

/* Begin XCConfigurationList section */
		6532C84025468ADF00979373 /* Build configuration list for PBXProject "BankingApp" */ = {
			isa = XCConfigurationList;
			buildConfigurations = (
				6532C86D25468AE700979373 /* Debug */,
				6532C86E25468AE700979373 /* Release */,
			);
			defaultConfigurationIsVisible = 0;
			defaultConfigurationName = Release;
		};
		6532C86F25468AE700979373 /* Build configuration list for PBXNativeTarget "BankingApp" */ = {
			isa = XCConfigurationList;
			buildConfigurations = (
				6532C87025468AE700979373 /* Debug */,
				6532C87125468AE700979373 /* Release */,
			);
			defaultConfigurationIsVisible = 0;
			defaultConfigurationName = Release;
		};
		6532C87225468AE700979373 /* Build configuration list for PBXNativeTarget "BankingAppTests" */ = {
			isa = XCConfigurationList;
			buildConfigurations = (
				6532C87325468AE700979373 /* Debug */,
				6532C87425468AE700979373 /* Release */,
			);
			defaultConfigurationIsVisible = 0;
			defaultConfigurationName = Release;
		};
		6532C87525468AE700979373 /* Build configuration list for PBXNativeTarget "BankingAppUITests" */ = {
			isa = XCConfigurationList;
			buildConfigurations = (
				6532C87625468AE700979373 /* Debug */,
				6532C87725468AE700979373 /* Release */,
			);
			defaultConfigurationIsVisible = 0;
			defaultConfigurationName = Release;
		};
/* End XCConfigurationList section */
	};
	rootObject = 6532C83D25468ADF00979373 /* Project object */;
}
